// !$*UTF8*$!
{
	archiveVersion = 1;
	classes = {
	};
	objectVersion = 56;
	objects = {

/* Begin PBXBuildFile section */
		470C1DFE2C69A2DD00ED8D29 /* LookingGlassUI in Frameworks */ = {isa = PBXBuildFile; productRef = 470C1DFD2C69A2DD00ED8D29 /* LookingGlassUI */; };
		471D787D2BDBD5520049641E /* AboutView.swift in Sources */ = {isa = PBXBuildFile; fileRef = 471D787C2BDBD5520049641E /* AboutView.swift */; };
		473464342BD7E370003827BB /* RankingsViewModel.swift in Sources */ = {isa = PBXBuildFile; fileRef = 473464332BD7E370003827BB /* RankingsViewModel.swift */; };
		473464362BD7E5E2003827BB /* RankingsView.swift in Sources */ = {isa = PBXBuildFile; fileRef = 473464352BD7E5E2003827BB /* RankingsView.swift */; };
		473464382BD7E5F5003827BB /* RankingsTab.swift in Sources */ = {isa = PBXBuildFile; fileRef = 473464372BD7E5F5003827BB /* RankingsTab.swift */; };
		4774E5022BD6A1BC009D9E4C /* FlankApp.swift in Sources */ = {isa = PBXBuildFile; fileRef = 4774E5012BD6A1BC009D9E4C /* FlankApp.swift */; };
		4774E5042BD6A1BC009D9E4C /* ContentView.swift in Sources */ = {isa = PBXBuildFile; fileRef = 4774E5032BD6A1BC009D9E4C /* ContentView.swift */; };
		4774E5062BD6A1BD009D9E4C /* Assets.xcassets in Resources */ = {isa = PBXBuildFile; fileRef = 4774E5052BD6A1BD009D9E4C /* Assets.xcassets */; };
		4774E5092BD6A1BD009D9E4C /* Preview Assets.xcassets in Resources */ = {isa = PBXBuildFile; fileRef = 4774E5082BD6A1BD009D9E4C /* Preview Assets.xcassets */; };
		4774E5112BD6A1D5009D9E4C /* FluidGradient in Frameworks */ = {isa = PBXBuildFile; productRef = 4774E5102BD6A1D5009D9E4C /* FluidGradient */; };
		4774E5142BD6A1DC009D9E4C /* BetterSafariView in Frameworks */ = {isa = PBXBuildFile; productRef = 4774E5132BD6A1DC009D9E4C /* BetterSafariView */; };
		4774E5172BD6A1E4009D9E4C /* MarqueeText in Frameworks */ = {isa = PBXBuildFile; productRef = 4774E5162BD6A1E4009D9E4C /* MarqueeText */; };
		4774E51A2BD6A1EF009D9E4C /* WhatsNewKit in Frameworks */ = {isa = PBXBuildFile; productRef = 4774E5192BD6A1EF009D9E4C /* WhatsNewKit */; };
		4774E51D2BD6A1FD009D9E4C /* SmoothGradient in Frameworks */ = {isa = PBXBuildFile; productRef = 4774E51C2BD6A1FD009D9E4C /* SmoothGradient */; };
		4774E5242BD6A29C009D9E4C /* LiveMatchesViewModel.swift in Sources */ = {isa = PBXBuildFile; fileRef = 4774E5232BD6A29C009D9E4C /* LiveMatchesViewModel.swift */; };
		4774E5262BD6A2B3009D9E4C /* NewsViewModel.swift in Sources */ = {isa = PBXBuildFile; fileRef = 4774E5252BD6A2B3009D9E4C /* NewsViewModel.swift */; };
		4774E5282BD6A2C0009D9E4C /* MatchResultsViewModel.swift in Sources */ = {isa = PBXBuildFile; fileRef = 4774E5272BD6A2C0009D9E4C /* MatchResultsViewModel.swift */; };
		4774E52A2BD6A2D3009D9E4C /* UpcomingMatchesViewModel.swift in Sources */ = {isa = PBXBuildFile; fileRef = 4774E5292BD6A2D3009D9E4C /* UpcomingMatchesViewModel.swift */; };
		4774E5312BD6A404009D9E4C /* LiveMatchTab.swift in Sources */ = {isa = PBXBuildFile; fileRef = 4774E5302BD6A404009D9E4C /* LiveMatchTab.swift */; };
		4774E5332BD6A434009D9E4C /* UpcomingMatchTab.swift in Sources */ = {isa = PBXBuildFile; fileRef = 4774E5322BD6A434009D9E4C /* UpcomingMatchTab.swift */; };
		4774E5352BD6A445009D9E4C /* MatchResultsTab.swift in Sources */ = {isa = PBXBuildFile; fileRef = 4774E5342BD6A445009D9E4C /* MatchResultsTab.swift */; };
		4774E5372BD6A452009D9E4C /* NewsView.swift in Sources */ = {isa = PBXBuildFile; fileRef = 4774E5362BD6A452009D9E4C /* NewsView.swift */; };
		4774E5392BD6A45B009D9E4C /* SettingsView.swift in Sources */ = {isa = PBXBuildFile; fileRef = 4774E5382BD6A45B009D9E4C /* SettingsView.swift */; };
		4774E53B2BD6A49C009D9E4C /* NewsTab.swift in Sources */ = {isa = PBXBuildFile; fileRef = 4774E53A2BD6A49C009D9E4C /* NewsTab.swift */; };
		479B27402BDE6FFD0005CAEF /* UIImageColors in Frameworks */ = {isa = PBXBuildFile; productRef = 479B273F2BDE6FFD0005CAEF /* UIImageColors */; };
		47AF05E12BD6B55100DC4128 /* HomeView.swift in Sources */ = {isa = PBXBuildFile; fileRef = 47AF05E02BD6B55100DC4128 /* HomeView.swift */; };
		47C02EEF2C298D0D00A093B3 /* Localizable.xcstrings in Resources */ = {isa = PBXBuildFile; fileRef = 47C02EEE2C298D0D00A093B3 /* Localizable.xcstrings */; };
		47D203632C596082008C33BA /* FlagEmojis.swift in Sources */ = {isa = PBXBuildFile; fileRef = 47D203622C596082008C33BA /* FlagEmojis.swift */; };
		47E1282E2BDFE6B3008A1825 /* ColorKit in Frameworks */ = {isa = PBXBuildFile; productRef = 47E1282D2BDFE6B3008A1825 /* ColorKit */; };
		47F0C5062D515B06000F1986 /* StatsView.swift in Sources */ = {isa = PBXBuildFile; fileRef = 47F0C5052D515B06000F1986 /* StatsView.swift */; };
/* End PBXBuildFile section */

/* Begin PBXFileReference section */
		471D787C2BDBD5520049641E /* AboutView.swift */ = {isa = PBXFileReference; lastKnownFileType = sourcecode.swift; path = AboutView.swift; sourceTree = "<group>"; };
		473464332BD7E370003827BB /* RankingsViewModel.swift */ = {isa = PBXFileReference; lastKnownFileType = sourcecode.swift; path = RankingsViewModel.swift; sourceTree = "<group>"; };
		473464352BD7E5E2003827BB /* RankingsView.swift */ = {isa = PBXFileReference; lastKnownFileType = sourcecode.swift; path = RankingsView.swift; sourceTree = "<group>"; };
		473464372BD7E5F5003827BB /* RankingsTab.swift */ = {isa = PBXFileReference; lastKnownFileType = sourcecode.swift; path = RankingsTab.swift; sourceTree = "<group>"; };
		4774E4FE2BD6A1BC009D9E4C /* Flank.app */ = {isa = PBXFileReference; explicitFileType = wrapper.application; includeInIndex = 0; path = Flank.app; sourceTree = BUILT_PRODUCTS_DIR; };
		4774E5012BD6A1BC009D9E4C /* FlankApp.swift */ = {isa = PBXFileReference; lastKnownFileType = sourcecode.swift; path = FlankApp.swift; sourceTree = "<group>"; };
		4774E5032BD6A1BC009D9E4C /* ContentView.swift */ = {isa = PBXFileReference; lastKnownFileType = sourcecode.swift; path = ContentView.swift; sourceTree = "<group>"; };
		4774E5052BD6A1BD009D9E4C /* Assets.xcassets */ = {isa = PBXFileReference; lastKnownFileType = folder.assetcatalog; path = Assets.xcassets; sourceTree = "<group>"; };
		4774E5082BD6A1BD009D9E4C /* Preview Assets.xcassets */ = {isa = PBXFileReference; lastKnownFileType = folder.assetcatalog; path = "Preview Assets.xcassets"; sourceTree = "<group>"; };
		4774E5232BD6A29C009D9E4C /* LiveMatchesViewModel.swift */ = {isa = PBXFileReference; lastKnownFileType = sourcecode.swift; path = LiveMatchesViewModel.swift; sourceTree = "<group>"; };
		4774E5252BD6A2B3009D9E4C /* NewsViewModel.swift */ = {isa = PBXFileReference; lastKnownFileType = sourcecode.swift; path = NewsViewModel.swift; sourceTree = "<group>"; };
		4774E5272BD6A2C0009D9E4C /* MatchResultsViewModel.swift */ = {isa = PBXFileReference; lastKnownFileType = sourcecode.swift; path = MatchResultsViewModel.swift; sourceTree = "<group>"; };
		4774E5292BD6A2D3009D9E4C /* UpcomingMatchesViewModel.swift */ = {isa = PBXFileReference; lastKnownFileType = sourcecode.swift; path = UpcomingMatchesViewModel.swift; sourceTree = "<group>"; };
		4774E5302BD6A404009D9E4C /* LiveMatchTab.swift */ = {isa = PBXFileReference; lastKnownFileType = sourcecode.swift; path = LiveMatchTab.swift; sourceTree = "<group>"; };
		4774E5322BD6A434009D9E4C /* UpcomingMatchTab.swift */ = {isa = PBXFileReference; lastKnownFileType = sourcecode.swift; path = UpcomingMatchTab.swift; sourceTree = "<group>"; };
		4774E5342BD6A445009D9E4C /* MatchResultsTab.swift */ = {isa = PBXFileReference; lastKnownFileType = sourcecode.swift; path = MatchResultsTab.swift; sourceTree = "<group>"; };
		4774E5362BD6A452009D9E4C /* NewsView.swift */ = {isa = PBXFileReference; lastKnownFileType = sourcecode.swift; path = NewsView.swift; sourceTree = "<group>"; };
		4774E5382BD6A45B009D9E4C /* SettingsView.swift */ = {isa = PBXFileReference; lastKnownFileType = sourcecode.swift; path = SettingsView.swift; sourceTree = "<group>"; };
		4774E53A2BD6A49C009D9E4C /* NewsTab.swift */ = {isa = PBXFileReference; lastKnownFileType = sourcecode.swift; path = NewsTab.swift; sourceTree = "<group>"; };
		47AF05E02BD6B55100DC4128 /* HomeView.swift */ = {isa = PBXFileReference; lastKnownFileType = sourcecode.swift; path = HomeView.swift; sourceTree = "<group>"; };
		47AFA8122C59B3FB0004C07A /* Info.plist */ = {isa = PBXFileReference; lastKnownFileType = text.plist; path = Info.plist; sourceTree = "<group>"; };
		47C02EEE2C298D0D00A093B3 /* Localizable.xcstrings */ = {isa = PBXFileReference; lastKnownFileType = text.json.xcstrings; path = Localizable.xcstrings; sourceTree = "<group>"; };
		47D203622C596082008C33BA /* FlagEmojis.swift */ = {isa = PBXFileReference; lastKnownFileType = sourcecode.swift; path = FlagEmojis.swift; sourceTree = "<group>"; };
		47EBE1A72BDAE89700EA2081 /* PrivacyInfo.xcprivacy */ = {isa = PBXFileReference; lastKnownFileType = text.xml; path = PrivacyInfo.xcprivacy; sourceTree = "<group>"; };
		47F0C5052D515B06000F1986 /* StatsView.swift */ = {isa = PBXFileReference; lastKnownFileType = sourcecode.swift; path = StatsView.swift; sourceTree = "<group>"; };
		47F209D12C5EB83D0016B8A5 /* Flank.entitlements */ = {isa = PBXFileReference; lastKnownFileType = text.plist.entitlements; path = Flank.entitlements; sourceTree = "<group>"; };
/* End PBXFileReference section */

/* Begin PBXFrameworksBuildPhase section */
		4774E4FB2BD6A1BC009D9E4C /* Frameworks */ = {
			isa = PBXFrameworksBuildPhase;
			buildActionMask = 2147483647;
			files = (
				479B27402BDE6FFD0005CAEF /* UIImageColors in Frameworks */,
				470C1DFE2C69A2DD00ED8D29 /* LookingGlassUI in Frameworks */,
				4774E51A2BD6A1EF009D9E4C /* WhatsNewKit in Frameworks */,
				4774E5172BD6A1E4009D9E4C /* MarqueeText in Frameworks */,
				4774E51D2BD6A1FD009D9E4C /* SmoothGradient in Frameworks */,
				4774E5112BD6A1D5009D9E4C /* FluidGradient in Frameworks */,
				4774E5142BD6A1DC009D9E4C /* BetterSafariView in Frameworks */,
				47E1282E2BDFE6B3008A1825 /* ColorKit in Frameworks */,
			);
			runOnlyForDeploymentPostprocessing = 0;
		};
/* End PBXFrameworksBuildPhase section */

/* Begin PBXGroup section */
		4774E4F52BD6A1BC009D9E4C = {
			isa = PBXGroup;
			children = (
				4774E5002BD6A1BC009D9E4C /* Flank */,
				4774E4FF2BD6A1BC009D9E4C /* Products */,
			);
			sourceTree = "<group>";
		};
		4774E4FF2BD6A1BC009D9E4C /* Products */ = {
			isa = PBXGroup;
			children = (
				4774E4FE2BD6A1BC009D9E4C /* Flank.app */,
			);
			name = Products;
			sourceTree = "<group>";
		};
		4774E5002BD6A1BC009D9E4C /* Flank */ = {
			isa = PBXGroup;
			children = (
				47F209D12C5EB83D0016B8A5 /* Flank.entitlements */,
				47AFA8122C59B3FB0004C07A /* Info.plist */,
				4774E52F2BD6A3AF009D9E4C /* Screens */,
				4774E52E2BD6A38C009D9E4C /* Components */,
				4774E51E2BD6A207009D9E4C /* ViewModels */,
				4774E5012BD6A1BC009D9E4C /* FlankApp.swift */,
				4774E5032BD6A1BC009D9E4C /* ContentView.swift */,
				4774E5052BD6A1BD009D9E4C /* Assets.xcassets */,
				4774E5072BD6A1BD009D9E4C /* Preview Content */,
				47C02EEE2C298D0D00A093B3 /* Localizable.xcstrings */,
				47D203622C596082008C33BA /* FlagEmojis.swift */,
				47EBE1A72BDAE89700EA2081 /* PrivacyInfo.xcprivacy */,
			);
			path = Flank;
			sourceTree = "<group>";
		};
		4774E5072BD6A1BD009D9E4C /* Preview Content */ = {
			isa = PBXGroup;
			children = (
				4774E5082BD6A1BD009D9E4C /* Preview Assets.xcassets */,
			);
			path = "Preview Content";
			sourceTree = "<group>";
		};
		4774E51E2BD6A207009D9E4C /* ViewModels */ = {
			isa = PBXGroup;
			children = (
				4774E5232BD6A29C009D9E4C /* LiveMatchesViewModel.swift */,
				4774E5252BD6A2B3009D9E4C /* NewsViewModel.swift */,
				4774E5272BD6A2C0009D9E4C /* MatchResultsViewModel.swift */,
				4774E5292BD6A2D3009D9E4C /* UpcomingMatchesViewModel.swift */,
				473464332BD7E370003827BB /* RankingsViewModel.swift */,
			);
			path = ViewModels;
			sourceTree = "<group>";
		};
		4774E52E2BD6A38C009D9E4C /* Components */ = {
			isa = PBXGroup;
			children = (
				4774E5302BD6A404009D9E4C /* LiveMatchTab.swift */,
				4774E5322BD6A434009D9E4C /* UpcomingMatchTab.swift */,
				4774E5342BD6A445009D9E4C /* MatchResultsTab.swift */,
				4774E53A2BD6A49C009D9E4C /* NewsTab.swift */,
				473464372BD7E5F5003827BB /* RankingsTab.swift */,
			);
			path = Components;
			sourceTree = "<group>";
		};
		4774E52F2BD6A3AF009D9E4C /* Screens */ = {
			isa = PBXGroup;
			children = (
				4774E5362BD6A452009D9E4C /* NewsView.swift */,
				4774E5382BD6A45B009D9E4C /* SettingsView.swift */,
				47AF05E02BD6B55100DC4128 /* HomeView.swift */,
				473464352BD7E5E2003827BB /* RankingsView.swift */,
				471D787C2BDBD5520049641E /* AboutView.swift */,
				47F0C5052D515B06000F1986 /* StatsView.swift */,
			);
			path = Screens;
			sourceTree = "<group>";
		};
/* End PBXGroup section */

/* Begin PBXNativeTarget section */
		4774E4FD2BD6A1BC009D9E4C /* Flank */ = {
			isa = PBXNativeTarget;
			buildConfigurationList = 4774E50C2BD6A1BD009D9E4C /* Build configuration list for PBXNativeTarget "Flank" */;
			buildPhases = (
				4774E4FA2BD6A1BC009D9E4C /* Sources */,
				4774E4FB2BD6A1BC009D9E4C /* Frameworks */,
				4774E4FC2BD6A1BC009D9E4C /* Resources */,
			);
			buildRules = (
			);
			dependencies = (
			);
			name = Flank;
			packageProductDependencies = (
				4774E5102BD6A1D5009D9E4C /* FluidGradient */,
				4774E5132BD6A1DC009D9E4C /* BetterSafariView */,
				4774E5162BD6A1E4009D9E4C /* MarqueeText */,
				4774E5192BD6A1EF009D9E4C /* WhatsNewKit */,
				4774E51C2BD6A1FD009D9E4C /* SmoothGradient */,
				479B273F2BDE6FFD0005CAEF /* UIImageColors */,
				47E1282D2BDFE6B3008A1825 /* ColorKit */,
				470C1DFD2C69A2DD00ED8D29 /* LookingGlassUI */,
			);
			productName = Flank;
			productReference = 4774E4FE2BD6A1BC009D9E4C /* Flank.app */;
			productType = "com.apple.product-type.application";
		};
/* End PBXNativeTarget section */

/* Begin PBXProject section */
		4774E4F62BD6A1BC009D9E4C /* Project object */ = {
			isa = PBXProject;
			attributes = {
				BuildIndependentTargetsInParallel = 1;
				LastSwiftUpdateCheck = 1530;
				LastUpgradeCheck = 1530;
				TargetAttributes = {
					4774E4FD2BD6A1BC009D9E4C = {
						CreatedOnToolsVersion = 15.3;
					};
				};
			};
			buildConfigurationList = 4774E4F92BD6A1BC009D9E4C /* Build configuration list for PBXProject "Flank" */;
			compatibilityVersion = "Xcode 14.0";
			developmentRegion = en;
			hasScannedForEncodings = 0;
			knownRegions = (
				en,
				Base,
				pl,
			);
			mainGroup = 4774E4F52BD6A1BC009D9E4C;
			packageReferences = (
				4774E50F2BD6A1D5009D9E4C /* XCRemoteSwiftPackageReference "FluidGradient" */,
				4774E5122BD6A1DC009D9E4C /* XCRemoteSwiftPackageReference "BetterSafariView" */,
				4774E5152BD6A1E4009D9E4C /* XCRemoteSwiftPackageReference "MarqueeText" */,
				4774E5182BD6A1EF009D9E4C /* XCRemoteSwiftPackageReference "WhatsNewKit" */,
				4774E51B2BD6A1FD009D9E4C /* XCRemoteSwiftPackageReference "SmoothGradient" */,
				479B273E2BDE6FFD0005CAEF /* XCRemoteSwiftPackageReference "UIImageColors" */,
				47E1282C2BDFE6B2008A1825 /* XCRemoteSwiftPackageReference "ColorKit" */,
				470C1DFC2C69A2DD00ED8D29 /* XCRemoteSwiftPackageReference "LookingGlassUI" */,
			);
			productRefGroup = 4774E4FF2BD6A1BC009D9E4C /* Products */;
			projectDirPath = "";
			projectRoot = "";
			targets = (
				4774E4FD2BD6A1BC009D9E4C /* Flank */,
			);
		};
/* End PBXProject section */

/* Begin PBXResourcesBuildPhase section */
		4774E4FC2BD6A1BC009D9E4C /* Resources */ = {
			isa = PBXResourcesBuildPhase;
			buildActionMask = 2147483647;
			files = (
				4774E5092BD6A1BD009D9E4C /* Preview Assets.xcassets in Resources */,
				4774E5062BD6A1BD009D9E4C /* Assets.xcassets in Resources */,
				47C02EEF2C298D0D00A093B3 /* Localizable.xcstrings in Resources */,
			);
			runOnlyForDeploymentPostprocessing = 0;
		};
/* End PBXResourcesBuildPhase section */

/* Begin PBXSourcesBuildPhase section */
		4774E4FA2BD6A1BC009D9E4C /* Sources */ = {
			isa = PBXSourcesBuildPhase;
			buildActionMask = 2147483647;
			files = (
				4774E5242BD6A29C009D9E4C /* LiveMatchesViewModel.swift in Sources */,
				473464362BD7E5E2003827BB /* RankingsView.swift in Sources */,
				47AF05E12BD6B55100DC4128 /* HomeView.swift in Sources */,
				4774E5042BD6A1BC009D9E4C /* ContentView.swift in Sources */,
				4774E5262BD6A2B3009D9E4C /* NewsViewModel.swift in Sources */,
				47D203632C596082008C33BA /* FlagEmojis.swift in Sources */,
				4774E5372BD6A452009D9E4C /* NewsView.swift in Sources */,
				473464342BD7E370003827BB /* RankingsViewModel.swift in Sources */,
				4774E53B2BD6A49C009D9E4C /* NewsTab.swift in Sources */,
				4774E5282BD6A2C0009D9E4C /* MatchResultsViewModel.swift in Sources */,
				473464382BD7E5F5003827BB /* RankingsTab.swift in Sources */,
				4774E5022BD6A1BC009D9E4C /* FlankApp.swift in Sources */,
				4774E52A2BD6A2D3009D9E4C /* UpcomingMatchesViewModel.swift in Sources */,
				4774E5312BD6A404009D9E4C /* LiveMatchTab.swift in Sources */,
				47F0C5062D515B06000F1986 /* StatsView.swift in Sources */,
				4774E5352BD6A445009D9E4C /* MatchResultsTab.swift in Sources */,
				471D787D2BDBD5520049641E /* AboutView.swift in Sources */,
				4774E5332BD6A434009D9E4C /* UpcomingMatchTab.swift in Sources */,
				4774E5392BD6A45B009D9E4C /* SettingsView.swift in Sources */,
			);
			runOnlyForDeploymentPostprocessing = 0;
		};
/* End PBXSourcesBuildPhase section */

/* Begin XCBuildConfiguration section */
		4774E50A2BD6A1BD009D9E4C /* Debug */ = {
			isa = XCBuildConfiguration;
			buildSettings = {
				ALWAYS_SEARCH_USER_PATHS = NO;
				ASSETCATALOG_COMPILER_GENERATE_SWIFT_ASSET_SYMBOL_EXTENSIONS = YES;
				CLANG_ANALYZER_NONNULL = YES;
				CLANG_ANALYZER_NUMBER_OBJECT_CONVERSION = YES_AGGRESSIVE;
				CLANG_CXX_LANGUAGE_STANDARD = "gnu++20";
				CLANG_ENABLE_MODULES = YES;
				CLANG_ENABLE_OBJC_ARC = YES;
				CLANG_ENABLE_OBJC_WEAK = YES;
				CLANG_WARN_BLOCK_CAPTURE_AUTORELEASING = YES;
				CLANG_WARN_BOOL_CONVERSION = YES;
				CLANG_WARN_COMMA = YES;
				CLANG_WARN_CONSTANT_CONVERSION = YES;
				CLANG_WARN_DEPRECATED_OBJC_IMPLEMENTATIONS = YES;
				CLANG_WARN_DIRECT_OBJC_ISA_USAGE = YES_ERROR;
				CLANG_WARN_DOCUMENTATION_COMMENTS = YES;
				CLANG_WARN_EMPTY_BODY = YES;
				CLANG_WARN_ENUM_CONVERSION = YES;
				CLANG_WARN_INFINITE_RECURSION = YES;
				CLANG_WARN_INT_CONVERSION = YES;
				CLANG_WARN_NON_LITERAL_NULL_CONVERSION = YES;
				CLANG_WARN_OBJC_IMPLICIT_RETAIN_SELF = YES;
				CLANG_WARN_OBJC_LITERAL_CONVERSION = YES;
				CLANG_WARN_OBJC_ROOT_CLASS = YES_ERROR;
				CLANG_WARN_QUOTED_INCLUDE_IN_FRAMEWORK_HEADER = YES;
				CLANG_WARN_RANGE_LOOP_ANALYSIS = YES;
				CLANG_WARN_STRICT_PROTOTYPES = YES;
				CLANG_WARN_SUSPICIOUS_MOVE = YES;
				CLANG_WARN_UNGUARDED_AVAILABILITY = YES_AGGRESSIVE;
				CLANG_WARN_UNREACHABLE_CODE = YES;
				CLANG_WARN__DUPLICATE_METHOD_MATCH = YES;
				COPY_PHASE_STRIP = NO;
				DEBUG_INFORMATION_FORMAT = dwarf;
				ENABLE_STRICT_OBJC_MSGSEND = YES;
				ENABLE_TESTABILITY = YES;
				ENABLE_USER_SCRIPT_SANDBOXING = YES;
				GCC_C_LANGUAGE_STANDARD = gnu17;
				GCC_DYNAMIC_NO_PIC = NO;
				GCC_NO_COMMON_BLOCKS = YES;
				GCC_OPTIMIZATION_LEVEL = 0;
				GCC_PREPROCESSOR_DEFINITIONS = (
					"DEBUG=1",
					"$(inherited)",
				);
				GCC_WARN_64_TO_32_BIT_CONVERSION = YES;
				GCC_WARN_ABOUT_RETURN_TYPE = YES_ERROR;
				GCC_WARN_UNDECLARED_SELECTOR = YES;
				GCC_WARN_UNINITIALIZED_AUTOS = YES_AGGRESSIVE;
				GCC_WARN_UNUSED_FUNCTION = YES;
				GCC_WARN_UNUSED_VARIABLE = YES;
				IPHONEOS_DEPLOYMENT_TARGET = 17.4;
				LOCALIZATION_PREFERS_STRING_CATALOGS = YES;
				MTL_ENABLE_DEBUG_INFO = INCLUDE_SOURCE;
				MTL_FAST_MATH = YES;
				ONLY_ACTIVE_ARCH = YES;
				SDKROOT = iphoneos;
				SWIFT_ACTIVE_COMPILATION_CONDITIONS = "DEBUG $(inherited)";
				SWIFT_OPTIMIZATION_LEVEL = "-Onone";
			};
			name = Debug;
		};
		4774E50B2BD6A1BD009D9E4C /* Release */ = {
			isa = XCBuildConfiguration;
			buildSettings = {
				ALWAYS_SEARCH_USER_PATHS = NO;
				ASSETCATALOG_COMPILER_GENERATE_SWIFT_ASSET_SYMBOL_EXTENSIONS = YES;
				CLANG_ANALYZER_NONNULL = YES;
				CLANG_ANALYZER_NUMBER_OBJECT_CONVERSION = YES_AGGRESSIVE;
				CLANG_CXX_LANGUAGE_STANDARD = "gnu++20";
				CLANG_ENABLE_MODULES = YES;
				CLANG_ENABLE_OBJC_ARC = YES;
				CLANG_ENABLE_OBJC_WEAK = YES;
				CLANG_WARN_BLOCK_CAPTURE_AUTORELEASING = YES;
				CLANG_WARN_BOOL_CONVERSION = YES;
				CLANG_WARN_COMMA = YES;
				CLANG_WARN_CONSTANT_CONVERSION = YES;
				CLANG_WARN_DEPRECATED_OBJC_IMPLEMENTATIONS = YES;
				CLANG_WARN_DIRECT_OBJC_ISA_USAGE = YES_ERROR;
				CLANG_WARN_DOCUMENTATION_COMMENTS = YES;
				CLANG_WARN_EMPTY_BODY = YES;
				CLANG_WARN_ENUM_CONVERSION = YES;
				CLANG_WARN_INFINITE_RECURSION = YES;
				CLANG_WARN_INT_CONVERSION = YES;
				CLANG_WARN_NON_LITERAL_NULL_CONVERSION = YES;
				CLANG_WARN_OBJC_IMPLICIT_RETAIN_SELF = YES;
				CLANG_WARN_OBJC_LITERAL_CONVERSION = YES;
				CLANG_WARN_OBJC_ROOT_CLASS = YES_ERROR;
				CLANG_WARN_QUOTED_INCLUDE_IN_FRAMEWORK_HEADER = YES;
				CLANG_WARN_RANGE_LOOP_ANALYSIS = YES;
				CLANG_WARN_STRICT_PROTOTYPES = YES;
				CLANG_WARN_SUSPICIOUS_MOVE = YES;
				CLANG_WARN_UNGUARDED_AVAILABILITY = YES_AGGRESSIVE;
				CLANG_WARN_UNREACHABLE_CODE = YES;
				CLANG_WARN__DUPLICATE_METHOD_MATCH = YES;
				COPY_PHASE_STRIP = NO;
				DEBUG_INFORMATION_FORMAT = "dwarf-with-dsym";
				ENABLE_NS_ASSERTIONS = NO;
				ENABLE_STRICT_OBJC_MSGSEND = YES;
				ENABLE_USER_SCRIPT_SANDBOXING = YES;
				GCC_C_LANGUAGE_STANDARD = gnu17;
				GCC_NO_COMMON_BLOCKS = YES;
				GCC_WARN_64_TO_32_BIT_CONVERSION = YES;
				GCC_WARN_ABOUT_RETURN_TYPE = YES_ERROR;
				GCC_WARN_UNDECLARED_SELECTOR = YES;
				GCC_WARN_UNINITIALIZED_AUTOS = YES_AGGRESSIVE;
				GCC_WARN_UNUSED_FUNCTION = YES;
				GCC_WARN_UNUSED_VARIABLE = YES;
				IPHONEOS_DEPLOYMENT_TARGET = 17.4;
				LOCALIZATION_PREFERS_STRING_CATALOGS = YES;
				MTL_ENABLE_DEBUG_INFO = NO;
				MTL_FAST_MATH = YES;
				SDKROOT = iphoneos;
				SWIFT_COMPILATION_MODE = wholemodule;
				VALIDATE_PRODUCT = YES;
			};
			name = Release;
		};
		4774E50D2BD6A1BD009D9E4C /* Debug */ = {
			isa = XCBuildConfiguration;
			buildSettings = {
				ASSETCATALOG_COMPILER_APPICON_NAME = AppIcon;
				ASSETCATALOG_COMPILER_GLOBAL_ACCENT_COLOR_NAME = AccentColor;
				CODE_SIGN_ENTITLEMENTS = Flank/FlankDebug.entitlements;
				CODE_SIGN_STYLE = Automatic;
				CURRENT_PROJECT_VERSION = 21;
				DEVELOPMENT_ASSET_PATHS = "\"Flank/Preview Content\"";
				DEVELOPMENT_TEAM = H844BPNKMP;
				ENABLE_PREVIEWS = YES;
				GENERATE_INFOPLIST_FILE = YES;
				INFOPLIST_FILE = Flank/Info.plist;
				INFOPLIST_KEY_CFBundleDisplayName = Flank;
				INFOPLIST_KEY_LSApplicationCategoryType = "public.app-category.sports";
				INFOPLIST_KEY_UIApplicationSceneManifest_Generation = YES;
				INFOPLIST_KEY_UIApplicationSupportsIndirectInputEvents = YES;
				INFOPLIST_KEY_UILaunchScreen_Generation = YES;
				INFOPLIST_KEY_UIStatusBarStyle = "";
				INFOPLIST_KEY_UISupportedInterfaceOrientations = UIInterfaceOrientationPortrait;
				INFOPLIST_KEY_UISupportedInterfaceOrientations_iPad = "UIInterfaceOrientationLandscapeLeft UIInterfaceOrientationLandscapeRight UIInterfaceOrientationPortrait UIInterfaceOrientationPortraitUpsideDown";
				INFOPLIST_KEY_UIUserInterfaceStyle = Dark;
				LD_RUNPATH_SEARCH_PATHS = (
					"$(inherited)",
					"@executable_path/Frameworks",
				);
				MARKETING_VERSION = 1.0;
				PRODUCT_BUNDLE_IDENTIFIER = com.chefski.Flank;
				PRODUCT_NAME = "$(TARGET_NAME)";
				SUPPORTED_PLATFORMS = "iphoneos iphonesimulator";
				SUPPORTS_MACCATALYST = NO;
				SUPPORTS_MAC_DESIGNED_FOR_IPHONE_IPAD = NO;
				SUPPORTS_XR_DESIGNED_FOR_IPHONE_IPAD = NO;
				SWIFT_EMIT_LOC_STRINGS = YES;
				SWIFT_VERSION = 5.0;
				TARGETED_DEVICE_FAMILY = 1;
			};
			name = Debug;
		};
		4774E50E2BD6A1BD009D9E4C /* Release */ = {
			isa = XCBuildConfiguration;
			buildSettings = {
				ASSETCATALOG_COMPILER_APPICON_NAME = AppIcon;
				ASSETCATALOG_COMPILER_GLOBAL_ACCENT_COLOR_NAME = AccentColor;
				CODE_SIGN_ENTITLEMENTS = Flank/Flank.entitlements;
				CODE_SIGN_STYLE = Automatic;
				CURRENT_PROJECT_VERSION = 21;
				DEVELOPMENT_ASSET_PATHS = "\"Flank/Preview Content\"";
				DEVELOPMENT_TEAM = H844BPNKMP;
				ENABLE_PREVIEWS = YES;
				GENERATE_INFOPLIST_FILE = YES;
				INFOPLIST_FILE = Flank/Info.plist;
				INFOPLIST_KEY_CFBundleDisplayName = Flank;
				INFOPLIST_KEY_LSApplicationCategoryType = "public.app-category.sports";
				INFOPLIST_KEY_UIApplicationSceneManifest_Generation = YES;
				INFOPLIST_KEY_UIApplicationSupportsIndirectInputEvents = YES;
				INFOPLIST_KEY_UILaunchScreen_Generation = YES;
				INFOPLIST_KEY_UIStatusBarStyle = "";
				INFOPLIST_KEY_UISupportedInterfaceOrientations = UIInterfaceOrientationPortrait;
				INFOPLIST_KEY_UISupportedInterfaceOrientations_iPad = "UIInterfaceOrientationLandscapeLeft UIInterfaceOrientationLandscapeRight UIInterfaceOrientationPortrait UIInterfaceOrientationPortraitUpsideDown";
				INFOPLIST_KEY_UIUserInterfaceStyle = Dark;
				LD_RUNPATH_SEARCH_PATHS = (
					"$(inherited)",
					"@executable_path/Frameworks",
				);
				MARKETING_VERSION = 1.0;
				PRODUCT_BUNDLE_IDENTIFIER = com.chefski.Flank;
				PRODUCT_NAME = "$(TARGET_NAME)";
				SUPPORTED_PLATFORMS = "iphoneos iphonesimulator";
				SUPPORTS_MACCATALYST = NO;
				SUPPORTS_MAC_DESIGNED_FOR_IPHONE_IPAD = NO;
				SUPPORTS_XR_DESIGNED_FOR_IPHONE_IPAD = NO;
				SWIFT_EMIT_LOC_STRINGS = YES;
				SWIFT_VERSION = 5.0;
				TARGETED_DEVICE_FAMILY = 1;
			};
			name = Release;
		};
/* End XCBuildConfiguration section */

/* Begin XCConfigurationList section */
		4774E4F92BD6A1BC009D9E4C /* Build configuration list for PBXProject "Flank" */ = {
			isa = XCConfigurationList;
			buildConfigurations = (
				4774E50A2BD6A1BD009D9E4C /* Debug */,
				4774E50B2BD6A1BD009D9E4C /* Release */,
			);
			defaultConfigurationIsVisible = 0;
			defaultConfigurationName = Release;
		};
		4774E50C2BD6A1BD009D9E4C /* Build configuration list for PBXNativeTarget "Flank" */ = {
			isa = XCConfigurationList;
			buildConfigurations = (
				4774E50D2BD6A1BD009D9E4C /* Debug */,
				4774E50E2BD6A1BD009D9E4C /* Release */,
			);
			defaultConfigurationIsVisible = 0;
			defaultConfigurationName = Release;
		};
/* End XCConfigurationList section */

/* Begin XCRemoteSwiftPackageReference section */
		470C1DFC2C69A2DD00ED8D29 /* XCRemoteSwiftPackageReference "LookingGlassUI" */ = {
			isa = XCRemoteSwiftPackageReference;
			repositoryURL = "https://github.com/ryanlintott/LookingGlassUI";
			requirement = {
				kind = upToNextMajorVersion;
				minimumVersion = 0.4.0;
			};
		};
		4774E50F2BD6A1D5009D9E4C /* XCRemoteSwiftPackageReference "FluidGradient" */ = {
			isa = XCRemoteSwiftPackageReference;
			repositoryURL = "https://github.com/Cindori/FluidGradient";
			requirement = {
				kind = upToNextMajorVersion;
				minimumVersion = 1.0.0;
			};
		};
		4774E5122BD6A1DC009D9E4C /* XCRemoteSwiftPackageReference "BetterSafariView" */ = {
			isa = XCRemoteSwiftPackageReference;
			repositoryURL = "https://github.com/stleamist/BetterSafariView.git";
			requirement = {
				branch = main;
				kind = branch;
			};
		};
		4774E5152BD6A1E4009D9E4C /* XCRemoteSwiftPackageReference "MarqueeText" */ = {
			isa = XCRemoteSwiftPackageReference;
			repositoryURL = "https://github.com/joekndy/MarqueeText";
			requirement = {
				branch = master;
				kind = branch;
			};
		};
		4774E5182BD6A1EF009D9E4C /* XCRemoteSwiftPackageReference "WhatsNewKit" */ = {
			isa = XCRemoteSwiftPackageReference;
			repositoryURL = "https://github.com/SvenTiigi/WhatsNewKit.git";
			requirement = {
				kind = upToNextMajorVersion;
				minimumVersion = 2.2.0;
			};
		};
		4774E51B2BD6A1FD009D9E4C /* XCRemoteSwiftPackageReference "SmoothGradient" */ = {
			isa = XCRemoteSwiftPackageReference;
			repositoryURL = "https://github.com/raymondjavaxx/SmoothGradient.git";
			requirement = {
				kind = upToNextMajorVersion;
				minimumVersion = 1.0.0;
			};
		};
		479B273E2BDE6FFD0005CAEF /* XCRemoteSwiftPackageReference "UIImageColors" */ = {
			isa = XCRemoteSwiftPackageReference;
			repositoryURL = "https://github.com/jathu/UIImageColors";
			requirement = {
				kind = upToNextMajorVersion;
				minimumVersion = 2.2.0;
			};
		};
		47E1282C2BDFE6B2008A1825 /* XCRemoteSwiftPackageReference "ColorKit" */ = {
			isa = XCRemoteSwiftPackageReference;
			repositoryURL = "https://github.com/Boris-Em/ColorKit.git";
			requirement = {
				branch = master;
				kind = branch;
			};
		};
/* End XCRemoteSwiftPackageReference section */

/* Begin XCSwiftPackageProductDependency section */
		470C1DFD2C69A2DD00ED8D29 /* LookingGlassUI */ = {
			isa = XCSwiftPackageProductDependency;
			package = 470C1DFC2C69A2DD00ED8D29 /* XCRemoteSwiftPackageReference "LookingGlassUI" */;
			productName = LookingGlassUI;
		};
		4774E5102BD6A1D5009D9E4C /* FluidGradient */ = {
			isa = XCSwiftPackageProductDependency;
			package = 4774E50F2BD6A1D5009D9E4C /* XCRemoteSwiftPackageReference "FluidGradient" */;
			productName = FluidGradient;
		};
		4774E5132BD6A1DC009D9E4C /* BetterSafariView */ = {
			isa = XCSwiftPackageProductDependency;
			package = 4774E5122BD6A1DC009D9E4C /* XCRemoteSwiftPackageReference "BetterSafariView" */;
			productName = BetterSafariView;
		};
		4774E5162BD6A1E4009D9E4C /* MarqueeText */ = {
			isa = XCSwiftPackageProductDependency;
			package = 4774E5152BD6A1E4009D9E4C /* XCRemoteSwiftPackageReference "MarqueeText" */;
			productName = MarqueeText;
		};
		4774E5192BD6A1EF009D9E4C /* WhatsNewKit */ = {
			isa = XCSwiftPackageProductDependency;
			package = 4774E5182BD6A1EF009D9E4C /* XCRemoteSwiftPackageReference "WhatsNewKit" */;
			productName = WhatsNewKit;
		};
		4774E51C2BD6A1FD009D9E4C /* SmoothGradient */ = {
			isa = XCSwiftPackageProductDependency;
			package = 4774E51B2BD6A1FD009D9E4C /* XCRemoteSwiftPackageReference "SmoothGradient" */;
			productName = SmoothGradient;
		};
		479B273F2BDE6FFD0005CAEF /* UIImageColors */ = {
			isa = XCSwiftPackageProductDependency;
			package = 479B273E2BDE6FFD0005CAEF /* XCRemoteSwiftPackageReference "UIImageColors" */;
			productName = UIImageColors;
		};
		47E1282D2BDFE6B3008A1825 /* ColorKit */ = {
			isa = XCSwiftPackageProductDependency;
			package = 47E1282C2BDFE6B2008A1825 /* XCRemoteSwiftPackageReference "ColorKit" */;
			productName = ColorKit;
		};
/* End XCSwiftPackageProductDependency section */
	};
	rootObject = 4774E4F62BD6A1BC009D9E4C /* Project object */;
}
