{
  "originHash" : "2e4b5ca70ac77e5e7cacbaec5d8ef92892145663b595cc4a1c909ff84ede6f5a",
  "pins" : [
    {
      "identity" : "bettersafariview",
      "kind" : "remoteSourceControl",
      "location" : "https://github.com/stleamist/BetterSafariView.git",
      "state" : {
        "branch" : "main",
        "revision" : "884533749e55949b2566030948c6fdbe2873ed0c"
      }
    },
    {
      "identity" : "colorkit",
      "kind" : "remoteSourceControl",
      "location" : "https://github.com/Boris-Em/ColorKit.git",
      "state" : {
        "branch" : "master",
        "revision" : "6e4375a6126eac0a29893c607ae318bdbe33310c"
      }
    },
    {
      "identity" : "fluidgradient",
      "kind" : "remoteSourceControl",
      "location" : "https://github.com/Cindori/FluidGradient",
      "state" : {
        "revision" : "9ddda4cf23671ef0228e88681ec6210cb3e0d7f7",
        "version" : "1.0.0"
      }
    },
    {
      "identity" : "lookingglassui",
      "kind" : "remoteSourceControl",
      "location" : "https://github.com/ryanlintott/LookingGlassUI",
      "state" : {
        "revision" : "5312c42f7949a30ec1e8ba0c58c795fbb6d88174",
        "version" : "0.4.0"
      }
    },
    {
      "identity" : "marqueetext",
      "kind" : "remoteSourceControl",
      "location" : "https://github.com/joekndy/MarqueeText",
      "state" : {
        "branch" : "master",
        "revision" : "e18d514455563ad00581e0d825146c6f15b1c6c4"
      }
    },
    {
      "identity" : "smoothgradient",
      "kind" : "remoteSourceControl",
      "location" : "https://github.com/raymondjavaxx/SmoothGradient.git",
      "state" : {
        "revision" : "61bf248fad31c7921c9985b418e6e9297cd7b861",
        "version" : "1.0.0"
      }
    },
    {
      "identity" : "uiimagecolors",
      "kind" : "remoteSourceControl",
      "location" : "https://github.com/jathu/UIImageColors",
      "state" : {
        "revision" : "e49e6c32ea556e9fa0109dc79686bea4a10d41a2",
        "version" : "2.2.0"
      }
    },
    {
      "identity" : "whatsnewkit",
      "kind" : "remoteSourceControl",
      "location" : "https://github.com/SvenTiigi/WhatsNewKit.git",
      "state" : {
        "revision" : "a81f41ea63870205f281b8d051b264f7b303f6d4",
        "version" : "2.2.0"
      }
    }
  ],
  "version" : 3
}
